// !$*UTF8*$!
{
	archiveVersion = 1;
	classes = {
	};
	objectVersion = 46;
	objects = {

/* Begin PBXBuildFile section */
		DEA00EF21CB50A0000ED684B /* AppDelegate.swift in Sources */ = {isa = PBXBuildFile; fileRef = DEA00EF11CB50A0000ED684B /* AppDelegate.swift */; };
		DEA00EF41CB50A0000ED684B /* ViewController.swift in Sources */ = {isa = PBXBuildFile; fileRef = DEA00EF31CB50A0000ED684B /* ViewController.swift */; };
		DEA00EF71CB50A0100ED684B /* Main.storyboard in Resources */ = {isa = PBXBuildFile; fileRef = DEA00EF51CB50A0100ED684B /* Main.storyboard */; };
		DEA00EF91CB50A0100ED684B /* Assets.xcassets in Resources */ = {isa = PBXBuildFile; fileRef = DEA00EF81CB50A0100ED684B /* Assets.xcassets */; };
		DEA00EFC1CB50A0100ED684B /* LaunchScreen.storyboard in Resources */ = {isa = PBXBuildFile; fileRef = DEA00EFA1CB50A0100ED684B /* LaunchScreen.storyboard */; };
/* End PBXBuildFile section */

/* Begin PBXFileReference section */
		DEA00EEE1CB50A0000ED684B /* Quiz.app */ = {isa = PBXFileReference; explicitFileType = wrapper.application; includeInIndex = 0; path = Quiz.app; sourceTree = BUILT_PRODUCTS_DIR; };
		DEA00EF11CB50A0000ED684B /* AppDelegate.swift */ = {isa = PBXFileReference; lastKnownFileType = sourcecode.swift; path = AppDelegate.swift; sourceTree = "<group>"; };
		DEA00EF31CB50A0000ED684B /* ViewController.swift */ = {isa = PBXFileReference; lastKnownFileType = sourcecode.swift; path = ViewController.swift; sourceTree = "<group>"; };
		DEA00EF61CB50A0100ED684B /* Base */ = {isa = PBXFileReference; lastKnownFileType = file.storyboard; name = Base; path = Base.lproj/Main.storyboard; sourceTree = "<group>"; };
		DEA00EF81CB50A0100ED684B /* Assets.xcassets */ = {isa = PBXFileReference; lastKnownFileType = folder.assetcatalog; path = Assets.xcassets; sourceTree = "<group>"; };
		DEA00EFB1CB50A0100ED684B /* Base */ = {isa = PBXFileReference; lastKnownFileType = file.storyboard; name = Base; path = Base.lproj/LaunchScreen.storyboard; sourceTree = "<group>"; };
		DEA00EFD1CB50A0100ED684B /* Info.plist */ = {isa = PBXFileReference; lastKnownFileType = text.plist.xml; path = Info.plist; sourceTree = "<group>"; };
/* End PBXFileReference section */

/* Begin PBXFrameworksBuildPhase section */
		DEA00EEB1CB50A0000ED684B /* Frameworks */ = {
			isa = PBXFrameworksBuildPhase;
			buildActionMask = 2147483647;
			files = (
			);
			runOnlyForDeploymentPostprocessing = 0;
		};
/* End PBXFrameworksBuildPhase section */

/* Begin PBXGroup section */
		DEA00EE51CB50A0000ED684B = {
			isa = PBXGroup;
			children = (
				DEA00EF01CB50A0000ED684B /* Quiz */,
				DEA00EEF1CB50A0000ED684B /* Products */,
			);
			sourceTree = "<group>";
		};
		DEA00EEF1CB50A0000ED684B /* Products */ = {
			isa = PBXGroup;
			children = (
				DEA00EEE1CB50A0000ED684B /* Quiz.app */,
			);
			name = Products;
			sourceTree = "<group>";
		};
		DEA00EF01CB50A0000ED684B /* Quiz */ = {
			isa = PBXGroup;
			children = (
				DEA00EF11CB50A0000ED684B /* AppDelegate.swift */,
				DEA00EF31CB50A0000ED684B /* ViewController.swift */,
				DEA00EF51CB50A0100ED684B /* Main.storyboard */,
				DEA00EF81CB50A0100ED684B /* Assets.xcassets */,
				DEA00EFA1CB50A0100ED684B /* LaunchScreen.storyboard */,
				DEA00EFD1CB50A0100ED684B /* Info.plist */,
			);
			path = Quiz;
			sourceTree = "<group>";
		};
/* End PBXGroup section */

/* Begin PBXNativeTarget section */
		DEA00EED1CB50A0000ED684B /* Quiz */ = {
			isa = PBXNativeTarget;
			buildConfigurationList = DEA00F001CB50A0100ED684B /* Build configuration list for PBXNativeTarget "Quiz" */;
			buildPhases = (
				DEA00EEA1CB50A0000ED684B /* Sources */,
				DEA00EEB1CB50A0000ED684B /* Frameworks */,
				DEA00EEC1CB50A0000ED684B /* Resources */,
			);
			buildRules = (
			);
			dependencies = (
			);
			name = Quiz;
			productName = Quiz;
			productReference = DEA00EEE1CB50A0000ED684B /* Quiz.app */;
			productType = "com.apple.product-type.application";
		};
/* End PBXNativeTarget section */

/* Begin PBXProject section */
		DEA00EE61CB50A0000ED684B /* Project object */ = {
			isa = PBXProject;
			attributes = {
				LastSwiftUpdateCheck = 0730;
				LastUpgradeCheck = 0730;
				ORGANIZATIONNAME = BigNerdRangh;
				TargetAttributes = {
					DEA00EED1CB50A0000ED684B = {
						CreatedOnToolsVersion = 7.3;
					};
				};
			};
			buildConfigurationList = DEA00EE91CB50A0000ED684B /* Build configuration list for PBXProject "Quiz" */;
			compatibilityVersion = "Xcode 3.2";
			developmentRegion = English;
			hasScannedForEncodings = 0;
			knownRegions = (
				en,
				Base,
			);
			mainGroup = DEA00EE51CB50A0000ED684B;
			productRefGroup = DEA00EEF1CB50A0000ED684B /* Products */;
			projectDirPath = "";
			projectRoot = "";
			targets = (
				DEA00EED1CB50A0000ED684B /* Quiz */,
			);
		};
/* End PBXProject section */

/* Begin PBXResourcesBuildPhase section */
		DEA00EEC1CB50A0000ED684B /* Resources */ = {
			isa = PBXResourcesBuildPhase;
			buildActionMask = 2147483647;
			files = (
				DEA00EFC1CB50A0100ED684B /* LaunchScreen.storyboard in Resources */,
				DEA00EF91CB50A0100ED684B /* Assets.xcassets in Resources */,
				DEA00EF71CB50A0100ED684B /* Main.storyboard in Resources */,
			);
			runOnlyForDeploymentPostprocessing = 0;
		};
/* End PBXResourcesBuildPhase section */

/* Begin PBXSourcesBuildPhase section */
		DEA00EEA1CB50A0000ED684B /* Sources */ = {
			isa = PBXSourcesBuildPhase;
			buildActionMask = 2147483647;
			files = (
				DEA00EF41CB50A0000ED684B /* ViewController.swift in Sources */,
				DEA00EF21CB50A0000ED684B /* AppDelegate.swift in Sources */,
			);
			runOnlyForDeploymentPostprocessing = 0;
		};
/* End PBXSourcesBuildPhase section */

/* Begin PBXVariantGroup section */
		DEA00EF51CB50A0100ED684B /* Main.storyboard */ = {
			isa = PBXVariantGroup;
			children = (
				DEA00EF61CB50A0100ED684B /* Base */,
			);
			name = Main.storyboard;
			sourceTree = "<group>";
		};
		DEA00EFA1CB50A0100ED684B /* LaunchScreen.storyboard */ = {
			isa = PBXVariantGroup;
			children = (
				DEA00EFB1CB50A0100ED684B /* Base */,
			);
			name = LaunchScreen.storyboard;
			sourceTree = "<group>";
		};
/* End PBXVariantGroup section */

/* Begin XCBuildConfiguration section */
		DEA00EFE1CB50A0100ED684B /* Debug */ = {
			isa = XCBuildConfiguration;
			buildSettings = {
				ALWAYS_SEARCH_USER_PATHS = NO;
				CLANG_ANALYZER_NONNULL = YES;
				CLANG_CXX_LANGUAGE_STANDARD = "gnu++0x";
				CLANG_CXX_LIBRARY = "libc++";
				CLANG_ENABLE_MODULES = YES;
				CLANG_ENABLE_OBJC_ARC = YES;
				CLANG_WARN_BOOL_CONVERSION = YES;
				CLANG_WARN_CONSTANT_CONVERSION = YES;
				CLANG_WARN_DIRECT_OBJC_ISA_USAGE = YES_ERROR;
				CLANG_WARN_EMPTY_BODY = YES;
				CLANG_WARN_ENUM_CONVERSION = YES;
				CLANG_WARN_INT_CONVERSION = YES;
				CLANG_WARN_OBJC_ROOT_CLASS = YES_ERROR;
				CLANG_WARN_UNREACHABLE_CODE = YES;
				CLANG_WARN__DUPLICATE_METHOD_MATCH = YES;
				"CODE_SIGN_IDENTITY[sdk=iphoneos*]" = "iPhone Developer";
				COPY_PHASE_STRIP = NO;
				DEBUG_INFORMATION_FORMAT = dwarf;
				ENABLE_STRICT_OBJC_MSGSEND = YES;
				ENABLE_TESTABILITY = YES;
				GCC_C_LANGUAGE_STANDARD = gnu99;
				GCC_DYNAMIC_NO_PIC = NO;
				GCC_NO_COMMON_BLOCKS = YES;
				GCC_OPTIMIZATION_LEVEL = 0;
				GCC_PREPROCESSOR_DEFINITIONS = (
					"DEBUG=1",
					"$(inherited)",
				);
				GCC_WARN_64_TO_32_BIT_CONVERSION = YES;
				GCC_WARN_ABOUT_RETURN_TYPE = YES_ERROR;
				GCC_WARN_UNDECLARED_SELECTOR = YES;
				GCC_WARN_UNINITIALIZED_AUTOS = YES_AGGRESSIVE;
				GCC_WARN_UNUSED_FUNCTION = YES;
				GCC_WARN_UNUSED_VARIABLE = YES;
				IPHONEOS_DEPLOYMENT_TARGET = 9.3;
				MTL_ENABLE_DEBUG_INFO = YES;
				ONLY_ACTIVE_ARCH = YES;
				SDKROOT = iphoneos;
				SWIFT_OPTIMIZATION_LEVEL = "-Onone";
			};
			name = Debug;
		};
		DEA00EFF1CB50A0100ED684B /* Release */ = {
			isa = XCBuildConfiguration;
			buildSettings = {
				ALWAYS_SEARCH_USER_PATHS = NO;
				CLANG_ANALYZER_NONNULL = YES;
				CLANG_CXX_LANGUAGE_STANDARD = "gnu++0x";
				CLANG_CXX_LIBRARY = "libc++";
				CLANG_ENABLE_MODULES = YES;
				CLANG_ENABLE_OBJC_ARC = YES;
				CLANG_WARN_BOOL_CONVERSION = YES;
				CLANG_WARN_CONSTANT_CONVERSION = YES;
				CLANG_WARN_DIRECT_OBJC_ISA_USAGE = YES_ERROR;
				CLANG_WARN_EMPTY_BODY = YES;
				CLANG_WARN_ENUM_CONVERSION = YES;
				CLANG_WARN_INT_CONVERSION = YES;
				CLANG_WARN_OBJC_ROOT_CLASS = YES_ERROR;
				CLANG_WARN_UNREACHABLE_CODE = YES;
				CLANG_WARN__DUPLICATE_METHOD_MATCH = YES;
				"CODE_SIGN_IDENTITY[sdk=iphoneos*]" = "iPhone Developer";
				COPY_PHASE_STRIP = NO;
				DEBUG_INFORMATION_FORMAT = "dwarf-with-dsym";
				ENABLE_NS_ASSERTIONS = NO;
				ENABLE_STRICT_OBJC_MSGSEND = YES;
				GCC_C_LANGUAGE_STANDARD = gnu99;
				GCC_NO_COMMON_BLOCKS = YES;
				GCC_WARN_64_TO_32_BIT_CONVERSION = YES;
				GCC_WARN_ABOUT_RETURN_TYPE = YES_ERROR;
				GCC_WARN_UNDECLARED_SELECTOR = YES;
				GCC_WARN_UNINITIALIZED_AUTOS = YES_AGGRESSIVE;
				GCC_WARN_UNUSED_FUNCTION = YES;
				GCC_WARN_UNUSED_VARIABLE = YES;
				IPHONEOS_DEPLOYMENT_TARGET = 9.3;
				MTL_ENABLE_DEBUG_INFO = NO;
				SDKROOT = iphoneos;
				VALIDATE_PRODUCT = YES;
			};
			name = Release;
		};
		DEA00F011CB50A0100ED684B /* Debug */ = {
			isa = XCBuildConfiguration;
			buildSettings = {
				ASSETCATALOG_COMPILER_APPICON_NAME = AppIcon;
				INFOPLIST_FILE = Quiz/Info.plist;
				LD_RUNPATH_SEARCH_PATHS = "$(inherited) @executable_path/Frameworks";
				PRODUCT_BUNDLE_IDENTIFIER = com.bignerdranch.Quiz;
				PRODUCT_NAME = "$(TARGET_NAME)";
			};
			name = Debug;
		};
		DEA00F021CB50A0100ED684B /* Release */ = {
			isa = XCBuildConfiguration;
			buildSettings = {
				ASSETCATALOG_COMPILER_APPICON_NAME = AppIcon;
				INFOPLIST_FILE = Quiz/Info.plist;
				LD_RUNPATH_SEARCH_PATHS = "$(inherited) @executable_path/Frameworks";
				PRODUCT_BUNDLE_IDENTIFIER = com.bignerdranch.Quiz;
				PRODUCT_NAME = "$(TARGET_NAME)";
			};
			name = Release;
		};
/* End XCBuildConfiguration section */

/* Begin XCConfigurationList section */
		DEA00EE91CB50A0000ED684B /* Build configuration list for PBXProject "Quiz" */ = {
			isa = XCConfigurationList;
			buildConfigurations = (
				DEA00EFE1CB50A0100ED684B /* Debug */,
				DEA00EFF1CB50A0100ED684B /* Release */,
			);
			defaultConfigurationIsVisible = 0;
			defaultConfigurationName = Release;
		};
		DEA00F001CB50A0100ED684B /* Build configuration list for PBXNativeTarget "Quiz" */ = {
			isa = XCConfigurationList;
			buildConfigurations = (
				DEA00F011CB50A0100ED684B /* Debug */,
				DEA00F021CB50A0100ED684B /* Release */,
			);
			defaultConfigurationIsVisible = 0;
		};
/* End XCConfigurationList section */
	};
	rootObject = DEA00EE61CB50A0000ED684B /* Project object */;
}
