// !$*UTF8*$!
{
	archiveVersion = 1;
	classes = {
	};
	objectVersion = 46;
	objects = {

/* Begin PBXBuildFile section */
		DE3E8C661CB3C96D00B1DEF2 /* main.swift in Sources */ = {isa = PBXBuildFile; fileRef = DE3E8C651CB3C96D00B1DEF2 /* main.swift */; };
		DE3E8C6D1CB3C9C800B1DEF2 /* Town.swift in Sources */ = {isa = PBXBuildFile; fileRef = DE3E8C6C1CB3C9C800B1DEF2 /* Town.swift */; };
		DE3E8C6F1CB3CBBC00B1DEF2 /* Monster.swift in Sources */ = {isa = PBXBuildFile; fileRef = DE3E8C6E1CB3CBBC00B1DEF2 /* Monster.swift */; };
		DE3E8C711CB3CF8C00B1DEF2 /* Zombie.swift in Sources */ = {isa = PBXBuildFile; fileRef = DE3E8C701CB3CF8C00B1DEF2 /* Zombie.swift */; };
/* End PBXBuildFile section */

/* Begin PBXCopyFilesBuildPhase section */
		DE3E8C601CB3C96D00B1DEF2 /* CopyFiles */ = {
			isa = PBXCopyFilesBuildPhase;
			buildActionMask = 2147483647;
			dstPath = /usr/share/man/man1/;
			dstSubfolderSpec = 0;
			files = (
			);
			runOnlyForDeploymentPostprocessing = 1;
		};
/* End PBXCopyFilesBuildPhase section */

/* Begin PBXFileReference section */
		DE3E8C621CB3C96D00B1DEF2 /* MonsterTown */ = {isa = PBXFileReference; explicitFileType = "compiled.mach-o.executable"; includeInIndex = 0; path = MonsterTown; sourceTree = BUILT_PRODUCTS_DIR; };
		DE3E8C651CB3C96D00B1DEF2 /* main.swift */ = {isa = PBXFileReference; lastKnownFileType = sourcecode.swift; path = main.swift; sourceTree = "<group>"; };
		DE3E8C6C1CB3C9C800B1DEF2 /* Town.swift */ = {isa = PBXFileReference; fileEncoding = 4; lastKnownFileType = sourcecode.swift; path = Town.swift; sourceTree = "<group>"; };
		DE3E8C6E1CB3CBBC00B1DEF2 /* Monster.swift */ = {isa = PBXFileReference; fileEncoding = 4; lastKnownFileType = sourcecode.swift; path = Monster.swift; sourceTree = "<group>"; };
		DE3E8C701CB3CF8C00B1DEF2 /* Zombie.swift */ = {isa = PBXFileReference; fileEncoding = 4; lastKnownFileType = sourcecode.swift; path = Zombie.swift; sourceTree = "<group>"; };
/* End PBXFileReference section */

/* Begin PBXFrameworksBuildPhase section */
		DE3E8C5F1CB3C96D00B1DEF2 /* Frameworks */ = {
			isa = PBXFrameworksBuildPhase;
			buildActionMask = 2147483647;
			files = (
			);
			runOnlyForDeploymentPostprocessing = 0;
		};
/* End PBXFrameworksBuildPhase section */

/* Begin PBXGroup section */
		DE3E8C591CB3C96D00B1DEF2 = {
			isa = PBXGroup;
			children = (
				DE3E8C641CB3C96D00B1DEF2 /* MonsterTown */,
				DE3E8C631CB3C96D00B1DEF2 /* Products */,
			);
			sourceTree = "<group>";
		};
		DE3E8C631CB3C96D00B1DEF2 /* Products */ = {
			isa = PBXGroup;
			children = (
				DE3E8C621CB3C96D00B1DEF2 /* MonsterTown */,
			);
			name = Products;
			sourceTree = "<group>";
		};
		DE3E8C641CB3C96D00B1DEF2 /* MonsterTown */ = {
			isa = PBXGroup;
			children = (
				DE3E8C651CB3C96D00B1DEF2 /* main.swift */,
				DE3E8C6C1CB3C9C800B1DEF2 /* Town.swift */,
				DE3E8C6E1CB3CBBC00B1DEF2 /* Monster.swift */,
				DE3E8C701CB3CF8C00B1DEF2 /* Zombie.swift */,
			);
			path = MonsterTown;
			sourceTree = "<group>";
		};
/* End PBXGroup section */

/* Begin PBXNativeTarget section */
		DE3E8C611CB3C96D00B1DEF2 /* MonsterTown */ = {
			isa = PBXNativeTarget;
			buildConfigurationList = DE3E8C691CB3C96D00B1DEF2 /* Build configuration list for PBXNativeTarget "MonsterTown" */;
			buildPhases = (
				DE3E8C5E1CB3C96D00B1DEF2 /* Sources */,
				DE3E8C5F1CB3C96D00B1DEF2 /* Frameworks */,
				DE3E8C601CB3C96D00B1DEF2 /* CopyFiles */,
			);
			buildRules = (
			);
			dependencies = (
			);
			name = MonsterTown;
			productName = MonsterTown;
			productReference = DE3E8C621CB3C96D00B1DEF2 /* MonsterTown */;
			productType = "com.apple.product-type.tool";
		};
/* End PBXNativeTarget section */

/* Begin PBXProject section */
		DE3E8C5A1CB3C96D00B1DEF2 /* Project object */ = {
			isa = PBXProject;
			attributes = {
				LastSwiftUpdateCheck = 0730;
				LastUpgradeCheck = 0730;
				ORGANIZATIONNAME = BigNerdRangh;
				TargetAttributes = {
					DE3E8C611CB3C96D00B1DEF2 = {
						CreatedOnToolsVersion = 7.3;
					};
				};
			};
			buildConfigurationList = DE3E8C5D1CB3C96D00B1DEF2 /* Build configuration list for PBXProject "MonsterTown" */;
			compatibilityVersion = "Xcode 3.2";
			developmentRegion = English;
			hasScannedForEncodings = 0;
			knownRegions = (
				en,
			);
			mainGroup = DE3E8C591CB3C96D00B1DEF2;
			productRefGroup = DE3E8C631CB3C96D00B1DEF2 /* Products */;
			projectDirPath = "";
			projectRoot = "";
			targets = (
				DE3E8C611CB3C96D00B1DEF2 /* MonsterTown */,
			);
		};
/* End PBXProject section */

/* Begin PBXSourcesBuildPhase section */
		DE3E8C5E1CB3C96D00B1DEF2 /* Sources */ = {
			isa = PBXSourcesBuildPhase;
			buildActionMask = 2147483647;
			files = (
				DE3E8C661CB3C96D00B1DEF2 /* main.swift in Sources */,
				DE3E8C711CB3CF8C00B1DEF2 /* Zombie.swift in Sources */,
				DE3E8C6F1CB3CBBC00B1DEF2 /* Monster.swift in Sources */,
				DE3E8C6D1CB3C9C800B1DEF2 /* Town.swift in Sources */,
			);
			runOnlyForDeploymentPostprocessing = 0;
		};
/* End PBXSourcesBuildPhase section */

/* Begin XCBuildConfiguration section */
		DE3E8C671CB3C96D00B1DEF2 /* Debug */ = {
			isa = XCBuildConfiguration;
			buildSettings = {
				ALWAYS_SEARCH_USER_PATHS = NO;
				CLANG_ANALYZER_NONNULL = YES;
				CLANG_CXX_LANGUAGE_STANDARD = "gnu++0x";
				CLANG_CXX_LIBRARY = "libc++";
				CLANG_ENABLE_MODULES = YES;
				CLANG_ENABLE_OBJC_ARC = YES;
				CLANG_WARN_BOOL_CONVERSION = YES;
				CLANG_WARN_CONSTANT_CONVERSION = YES;
				CLANG_WARN_DIRECT_OBJC_ISA_USAGE = YES_ERROR;
				CLANG_WARN_EMPTY_BODY = YES;
				CLANG_WARN_ENUM_CONVERSION = YES;
				CLANG_WARN_INT_CONVERSION = YES;
				CLANG_WARN_OBJC_ROOT_CLASS = YES_ERROR;
				CLANG_WARN_UNREACHABLE_CODE = YES;
				CLANG_WARN__DUPLICATE_METHOD_MATCH = YES;
				CODE_SIGN_IDENTITY = "-";
				COPY_PHASE_STRIP = NO;
				DEBUG_INFORMATION_FORMAT = dwarf;
				ENABLE_STRICT_OBJC_MSGSEND = YES;
				ENABLE_TESTABILITY = YES;
				GCC_C_LANGUAGE_STANDARD = gnu99;
				GCC_DYNAMIC_NO_PIC = NO;
				GCC_NO_COMMON_BLOCKS = YES;
				GCC_OPTIMIZATION_LEVEL = 0;
				GCC_PREPROCESSOR_DEFINITIONS = (
					"DEBUG=1",
					"$(inherited)",
				);
				GCC_WARN_64_TO_32_BIT_CONVERSION = YES;
				GCC_WARN_ABOUT_RETURN_TYPE = YES_ERROR;
				GCC_WARN_UNDECLARED_SELECTOR = YES;
				GCC_WARN_UNINITIALIZED_AUTOS = YES_AGGRESSIVE;
				GCC_WARN_UNUSED_FUNCTION = YES;
				GCC_WARN_UNUSED_VARIABLE = YES;
				MACOSX_DEPLOYMENT_TARGET = 10.11;
				MTL_ENABLE_DEBUG_INFO = YES;
				ONLY_ACTIVE_ARCH = YES;
				SDKROOT = macosx;
				SWIFT_OPTIMIZATION_LEVEL = "-Onone";
			};
			name = Debug;
		};
		DE3E8C681CB3C96D00B1DEF2 /* Release */ = {
			isa = XCBuildConfiguration;
			buildSettings = {
				ALWAYS_SEARCH_USER_PATHS = NO;
				CLANG_ANALYZER_NONNULL = YES;
				CLANG_CXX_LANGUAGE_STANDARD = "gnu++0x";
				CLANG_CXX_LIBRARY = "libc++";
				CLANG_ENABLE_MODULES = YES;
				CLANG_ENABLE_OBJC_ARC = YES;
				CLANG_WARN_BOOL_CONVERSION = YES;
				CLANG_WARN_CONSTANT_CONVERSION = YES;
				CLANG_WARN_DIRECT_OBJC_ISA_USAGE = YES_ERROR;
				CLANG_WARN_EMPTY_BODY = YES;
				CLANG_WARN_ENUM_CONVERSION = YES;
				CLANG_WARN_INT_CONVERSION = YES;
				CLANG_WARN_OBJC_ROOT_CLASS = YES_ERROR;
				CLANG_WARN_UNREACHABLE_CODE = YES;
				CLANG_WARN__DUPLICATE_METHOD_MATCH = YES;
				CODE_SIGN_IDENTITY = "-";
				COPY_PHASE_STRIP = NO;
				DEBUG_INFORMATION_FORMAT = "dwarf-with-dsym";
				ENABLE_NS_ASSERTIONS = NO;
				ENABLE_STRICT_OBJC_MSGSEND = YES;
				GCC_C_LANGUAGE_STANDARD = gnu99;
				GCC_NO_COMMON_BLOCKS = YES;
				GCC_WARN_64_TO_32_BIT_CONVERSION = YES;
				GCC_WARN_ABOUT_RETURN_TYPE = YES_ERROR;
				GCC_WARN_UNDECLARED_SELECTOR = YES;
				GCC_WARN_UNINITIALIZED_AUTOS = YES_AGGRESSIVE;
				GCC_WARN_UNUSED_FUNCTION = YES;
				GCC_WARN_UNUSED_VARIABLE = YES;
				MACOSX_DEPLOYMENT_TARGET = 10.11;
				MTL_ENABLE_DEBUG_INFO = NO;
				SDKROOT = macosx;
			};
			name = Release;
		};
		DE3E8C6A1CB3C96D00B1DEF2 /* Debug */ = {
			isa = XCBuildConfiguration;
			buildSettings = {
				PRODUCT_NAME = "$(TARGET_NAME)";
			};
			name = Debug;
		};
		DE3E8C6B1CB3C96D00B1DEF2 /* Release */ = {
			isa = XCBuildConfiguration;
			buildSettings = {
				PRODUCT_NAME = "$(TARGET_NAME)";
			};
			name = Release;
		};
/* End XCBuildConfiguration section */

/* Begin XCConfigurationList section */
		DE3E8C5D1CB3C96D00B1DEF2 /* Build configuration list for PBXProject "MonsterTown" */ = {
			isa = XCConfigurationList;
			buildConfigurations = (
				DE3E8C671CB3C96D00B1DEF2 /* Debug */,
				DE3E8C681CB3C96D00B1DEF2 /* Release */,
			);
			defaultConfigurationIsVisible = 0;
			defaultConfigurationName = Release;
		};
		DE3E8C691CB3C96D00B1DEF2 /* Build configuration list for PBXNativeTarget "MonsterTown" */ = {
			isa = XCConfigurationList;
			buildConfigurations = (
				DE3E8C6A1CB3C96D00B1DEF2 /* Debug */,
				DE3E8C6B1CB3C96D00B1DEF2 /* Release */,
			);
			defaultConfigurationIsVisible = 0;
		};
/* End XCConfigurationList section */
	};
	rootObject = DE3E8C5A1CB3C96D00B1DEF2 /* Project object */;
}
