// !$*UTF8*$!
{
	archiveVersion = 1;
	classes = {
	};
	objectVersion = 46;
	objects = {

/* Begin PBXBuildFile section */
		DE054E8D1CB6421D00DC4353 /* Localizable.strings in Resources */ = {isa = PBXBuildFile; fileRef = DE054E8F1CB6421D00DC4353 /* Localizable.strings */; };
		DEA00F101CB5172B00ED684B /* AppDelegate.swift in Sources */ = {isa = PBXBuildFile; fileRef = DEA00F0F1CB5172B00ED684B /* AppDelegate.swift */; };
		DEA00F121CB5172B00ED684B /* ViewController.swift in Sources */ = {isa = PBXBuildFile; fileRef = DEA00F111CB5172B00ED684B /* ViewController.swift */; };
		DEA00F151CB5172B00ED684B /* Main.storyboard in Resources */ = {isa = PBXBuildFile; fileRef = DEA00F131CB5172B00ED684B /* Main.storyboard */; };
		DEA00F171CB5172B00ED684B /* Assets.xcassets in Resources */ = {isa = PBXBuildFile; fileRef = DEA00F161CB5172B00ED684B /* Assets.xcassets */; };
		DEA00F1A1CB5172B00ED684B /* LaunchScreen.storyboard in Resources */ = {isa = PBXBuildFile; fileRef = DEA00F181CB5172B00ED684B /* LaunchScreen.storyboard */; };
		DEA00F241CB51FA000ED684B /* ConversionViewController.swift in Sources */ = {isa = PBXBuildFile; fileRef = DEA00F231CB51FA000ED684B /* ConversionViewController.swift */; };
		DEA00F261CB57F2300ED684B /* MapKit.framework in Frameworks */ = {isa = PBXBuildFile; fileRef = DEA00F251CB57F2300ED684B /* MapKit.framework */; };
		DEA00F281CB583B200ED684B /* MapViewController.swift in Sources */ = {isa = PBXBuildFile; fileRef = DEA00F271CB583B200ED684B /* MapViewController.swift */; };
/* End PBXBuildFile section */

/* Begin PBXFileReference section */
		DE054E8E1CB6421D00DC4353 /* Base */ = {isa = PBXFileReference; lastKnownFileType = text.plist.strings; name = Base; path = Base.lproj/Localizable.strings; sourceTree = "<group>"; };
		DE054E901CB6421F00DC4353 /* en */ = {isa = PBXFileReference; lastKnownFileType = text.plist.strings; name = en; path = en.lproj/Localizable.strings; sourceTree = "<group>"; };
		DE054E911CB6422000DC4353 /* es */ = {isa = PBXFileReference; lastKnownFileType = text.plist.strings; name = es; path = es.lproj/Localizable.strings; sourceTree = "<group>"; };
		DEA00F0C1CB5172B00ED684B /* WorldTrotter.app */ = {isa = PBXFileReference; explicitFileType = wrapper.application; includeInIndex = 0; path = WorldTrotter.app; sourceTree = BUILT_PRODUCTS_DIR; };
		DEA00F0F1CB5172B00ED684B /* AppDelegate.swift */ = {isa = PBXFileReference; lastKnownFileType = sourcecode.swift; path = AppDelegate.swift; sourceTree = "<group>"; };
		DEA00F111CB5172B00ED684B /* ViewController.swift */ = {isa = PBXFileReference; lastKnownFileType = sourcecode.swift; path = ViewController.swift; sourceTree = "<group>"; };
		DEA00F141CB5172B00ED684B /* Base */ = {isa = PBXFileReference; lastKnownFileType = file.storyboard; name = Base; path = Base.lproj/Main.storyboard; sourceTree = "<group>"; };
		DEA00F161CB5172B00ED684B /* Assets.xcassets */ = {isa = PBXFileReference; lastKnownFileType = folder.assetcatalog; path = Assets.xcassets; sourceTree = "<group>"; };
		DEA00F191CB5172B00ED684B /* Base */ = {isa = PBXFileReference; lastKnownFileType = file.storyboard; name = Base; path = Base.lproj/LaunchScreen.storyboard; sourceTree = "<group>"; };
		DEA00F1B1CB5172B00ED684B /* Info.plist */ = {isa = PBXFileReference; lastKnownFileType = text.plist.xml; path = Info.plist; sourceTree = "<group>"; };
		DEA00F231CB51FA000ED684B /* ConversionViewController.swift */ = {isa = PBXFileReference; fileEncoding = 4; lastKnownFileType = sourcecode.swift; path = ConversionViewController.swift; sourceTree = "<group>"; };
		DEA00F251CB57F2300ED684B /* MapKit.framework */ = {isa = PBXFileReference; lastKnownFileType = wrapper.framework; name = MapKit.framework; path = System/Library/Frameworks/MapKit.framework; sourceTree = SDKROOT; };
		DEA00F271CB583B200ED684B /* MapViewController.swift */ = {isa = PBXFileReference; fileEncoding = 4; lastKnownFileType = sourcecode.swift; path = MapViewController.swift; sourceTree = "<group>"; };
		DEA00F2A1CB63CF200ED684B /* en */ = {isa = PBXFileReference; lastKnownFileType = text.plist.strings; name = en; path = en.lproj/Main.strings; sourceTree = "<group>"; };
		DEA00F2B1CB63DD000ED684B /* es */ = {isa = PBXFileReference; lastKnownFileType = text.plist.strings; name = es; path = es.lproj/LaunchScreen.strings; sourceTree = "<group>"; };
		DEA00F2C1CB63DD000ED684B /* es */ = {isa = PBXFileReference; lastKnownFileType = text.plist.strings; name = es; path = es.lproj/Main.strings; sourceTree = "<group>"; };
/* End PBXFileReference section */

/* Begin PBXFrameworksBuildPhase section */
		DEA00F091CB5172B00ED684B /* Frameworks */ = {
			isa = PBXFrameworksBuildPhase;
			buildActionMask = 2147483647;
			files = (
				DEA00F261CB57F2300ED684B /* MapKit.framework in Frameworks */,
			);
			runOnlyForDeploymentPostprocessing = 0;
		};
/* End PBXFrameworksBuildPhase section */

/* Begin PBXGroup section */
		DEA00F031CB5172B00ED684B = {
			isa = PBXGroup;
			children = (
				DEA00F251CB57F2300ED684B /* MapKit.framework */,
				DEA00F0E1CB5172B00ED684B /* WorldTrotter */,
				DEA00F0D1CB5172B00ED684B /* Products */,
			);
			sourceTree = "<group>";
		};
		DEA00F0D1CB5172B00ED684B /* Products */ = {
			isa = PBXGroup;
			children = (
				DEA00F0C1CB5172B00ED684B /* WorldTrotter.app */,
			);
			name = Products;
			sourceTree = "<group>";
		};
		DEA00F0E1CB5172B00ED684B /* WorldTrotter */ = {
			isa = PBXGroup;
			children = (
				DEA00F0F1CB5172B00ED684B /* AppDelegate.swift */,
				DEA00F111CB5172B00ED684B /* ViewController.swift */,
				DEA00F161CB5172B00ED684B /* Assets.xcassets */,
				DEA00F181CB5172B00ED684B /* LaunchScreen.storyboard */,
				DEA00F1B1CB5172B00ED684B /* Info.plist */,
				DEA00F131CB5172B00ED684B /* Main.storyboard */,
				DE054E8F1CB6421D00DC4353 /* Localizable.strings */,
				DEA00F231CB51FA000ED684B /* ConversionViewController.swift */,
				DEA00F271CB583B200ED684B /* MapViewController.swift */,
			);
			path = WorldTrotter;
			sourceTree = "<group>";
		};
/* End PBXGroup section */

/* Begin PBXNativeTarget section */
		DEA00F0B1CB5172B00ED684B /* WorldTrotter */ = {
			isa = PBXNativeTarget;
			buildConfigurationList = DEA00F1E1CB5172B00ED684B /* Build configuration list for PBXNativeTarget "WorldTrotter" */;
			buildPhases = (
				DEA00F081CB5172B00ED684B /* Sources */,
				DEA00F091CB5172B00ED684B /* Frameworks */,
				DEA00F0A1CB5172B00ED684B /* Resources */,
			);
			buildRules = (
			);
			dependencies = (
			);
			name = WorldTrotter;
			productName = WorldTrotter;
			productReference = DEA00F0C1CB5172B00ED684B /* WorldTrotter.app */;
			productType = "com.apple.product-type.application";
		};
/* End PBXNativeTarget section */

/* Begin PBXProject section */
		DEA00F041CB5172B00ED684B /* Project object */ = {
			isa = PBXProject;
			attributes = {
				LastSwiftUpdateCheck = 0730;
				LastUpgradeCheck = 0730;
				ORGANIZATIONNAME = BigNerdRangh;
				TargetAttributes = {
					DEA00F0B1CB5172B00ED684B = {
						CreatedOnToolsVersion = 7.3;
					};
				};
			};
			buildConfigurationList = DEA00F071CB5172B00ED684B /* Build configuration list for PBXProject "WorldTrotter" */;
			compatibilityVersion = "Xcode 3.2";
			developmentRegion = English;
			hasScannedForEncodings = 0;
			knownRegions = (
				en,
				Base,
				es,
			);
			mainGroup = DEA00F031CB5172B00ED684B;
			productRefGroup = DEA00F0D1CB5172B00ED684B /* Products */;
			projectDirPath = "";
			projectRoot = "";
			targets = (
				DEA00F0B1CB5172B00ED684B /* WorldTrotter */,
			);
		};
/* End PBXProject section */

/* Begin PBXResourcesBuildPhase section */
		DEA00F0A1CB5172B00ED684B /* Resources */ = {
			isa = PBXResourcesBuildPhase;
			buildActionMask = 2147483647;
			files = (
				DEA00F1A1CB5172B00ED684B /* LaunchScreen.storyboard in Resources */,
				DE054E8D1CB6421D00DC4353 /* Localizable.strings in Resources */,
				DEA00F171CB5172B00ED684B /* Assets.xcassets in Resources */,
				DEA00F151CB5172B00ED684B /* Main.storyboard in Resources */,
			);
			runOnlyForDeploymentPostprocessing = 0;
		};
/* End PBXResourcesBuildPhase section */

/* Begin PBXSourcesBuildPhase section */
		DEA00F081CB5172B00ED684B /* Sources */ = {
			isa = PBXSourcesBuildPhase;
			buildActionMask = 2147483647;
			files = (
				DEA00F121CB5172B00ED684B /* ViewController.swift in Sources */,
				DEA00F241CB51FA000ED684B /* ConversionViewController.swift in Sources */,
				DEA00F101CB5172B00ED684B /* AppDelegate.swift in Sources */,
				DEA00F281CB583B200ED684B /* MapViewController.swift in Sources */,
			);
			runOnlyForDeploymentPostprocessing = 0;
		};
/* End PBXSourcesBuildPhase section */

/* Begin PBXVariantGroup section */
		DE054E8F1CB6421D00DC4353 /* Localizable.strings */ = {
			isa = PBXVariantGroup;
			children = (
				DE054E8E1CB6421D00DC4353 /* Base */,
				DE054E901CB6421F00DC4353 /* en */,
				DE054E911CB6422000DC4353 /* es */,
			);
			name = Localizable.strings;
			sourceTree = "<group>";
		};
		DEA00F131CB5172B00ED684B /* Main.storyboard */ = {
			isa = PBXVariantGroup;
			children = (
				DEA00F141CB5172B00ED684B /* Base */,
				DEA00F2A1CB63CF200ED684B /* en */,
				DEA00F2C1CB63DD000ED684B /* es */,
			);
			name = Main.storyboard;
			sourceTree = "<group>";
		};
		DEA00F181CB5172B00ED684B /* LaunchScreen.storyboard */ = {
			isa = PBXVariantGroup;
			children = (
				DEA00F191CB5172B00ED684B /* Base */,
				DEA00F2B1CB63DD000ED684B /* es */,
			);
			name = LaunchScreen.storyboard;
			sourceTree = "<group>";
		};
/* End PBXVariantGroup section */

/* Begin XCBuildConfiguration section */
		DEA00F1C1CB5172B00ED684B /* Debug */ = {
			isa = XCBuildConfiguration;
			buildSettings = {
				ALWAYS_SEARCH_USER_PATHS = NO;
				CLANG_ANALYZER_NONNULL = YES;
				CLANG_CXX_LANGUAGE_STANDARD = "gnu++0x";
				CLANG_CXX_LIBRARY = "libc++";
				CLANG_ENABLE_MODULES = YES;
				CLANG_ENABLE_OBJC_ARC = YES;
				CLANG_WARN_BOOL_CONVERSION = YES;
				CLANG_WARN_CONSTANT_CONVERSION = YES;
				CLANG_WARN_DIRECT_OBJC_ISA_USAGE = YES_ERROR;
				CLANG_WARN_EMPTY_BODY = YES;
				CLANG_WARN_ENUM_CONVERSION = YES;
				CLANG_WARN_INT_CONVERSION = YES;
				CLANG_WARN_OBJC_ROOT_CLASS = YES_ERROR;
				CLANG_WARN_UNREACHABLE_CODE = YES;
				CLANG_WARN__DUPLICATE_METHOD_MATCH = YES;
				"CODE_SIGN_IDENTITY[sdk=iphoneos*]" = "iPhone Developer";
				COPY_PHASE_STRIP = NO;
				DEBUG_INFORMATION_FORMAT = dwarf;
				ENABLE_STRICT_OBJC_MSGSEND = YES;
				ENABLE_TESTABILITY = YES;
				GCC_C_LANGUAGE_STANDARD = gnu99;
				GCC_DYNAMIC_NO_PIC = NO;
				GCC_NO_COMMON_BLOCKS = YES;
				GCC_OPTIMIZATION_LEVEL = 0;
				GCC_PREPROCESSOR_DEFINITIONS = (
					"DEBUG=1",
					"$(inherited)",
				);
				GCC_WARN_64_TO_32_BIT_CONVERSION = YES;
				GCC_WARN_ABOUT_RETURN_TYPE = YES_ERROR;
				GCC_WARN_UNDECLARED_SELECTOR = YES;
				GCC_WARN_UNINITIALIZED_AUTOS = YES_AGGRESSIVE;
				GCC_WARN_UNUSED_FUNCTION = YES;
				GCC_WARN_UNUSED_VARIABLE = YES;
				IPHONEOS_DEPLOYMENT_TARGET = 9.3;
				MTL_ENABLE_DEBUG_INFO = YES;
				ONLY_ACTIVE_ARCH = YES;
				SDKROOT = iphoneos;
				SWIFT_OPTIMIZATION_LEVEL = "-Onone";
			};
			name = Debug;
		};
		DEA00F1D1CB5172B00ED684B /* Release */ = {
			isa = XCBuildConfiguration;
			buildSettings = {
				ALWAYS_SEARCH_USER_PATHS = NO;
				CLANG_ANALYZER_NONNULL = YES;
				CLANG_CXX_LANGUAGE_STANDARD = "gnu++0x";
				CLANG_CXX_LIBRARY = "libc++";
				CLANG_ENABLE_MODULES = YES;
				CLANG_ENABLE_OBJC_ARC = YES;
				CLANG_WARN_BOOL_CONVERSION = YES;
				CLANG_WARN_CONSTANT_CONVERSION = YES;
				CLANG_WARN_DIRECT_OBJC_ISA_USAGE = YES_ERROR;
				CLANG_WARN_EMPTY_BODY = YES;
				CLANG_WARN_ENUM_CONVERSION = YES;
				CLANG_WARN_INT_CONVERSION = YES;
				CLANG_WARN_OBJC_ROOT_CLASS = YES_ERROR;
				CLANG_WARN_UNREACHABLE_CODE = YES;
				CLANG_WARN__DUPLICATE_METHOD_MATCH = YES;
				"CODE_SIGN_IDENTITY[sdk=iphoneos*]" = "iPhone Developer";
				COPY_PHASE_STRIP = NO;
				DEBUG_INFORMATION_FORMAT = "dwarf-with-dsym";
				ENABLE_NS_ASSERTIONS = NO;
				ENABLE_STRICT_OBJC_MSGSEND = YES;
				GCC_C_LANGUAGE_STANDARD = gnu99;
				GCC_NO_COMMON_BLOCKS = YES;
				GCC_WARN_64_TO_32_BIT_CONVERSION = YES;
				GCC_WARN_ABOUT_RETURN_TYPE = YES_ERROR;
				GCC_WARN_UNDECLARED_SELECTOR = YES;
				GCC_WARN_UNINITIALIZED_AUTOS = YES_AGGRESSIVE;
				GCC_WARN_UNUSED_FUNCTION = YES;
				GCC_WARN_UNUSED_VARIABLE = YES;
				IPHONEOS_DEPLOYMENT_TARGET = 9.3;
				MTL_ENABLE_DEBUG_INFO = NO;
				SDKROOT = iphoneos;
				VALIDATE_PRODUCT = YES;
			};
			name = Release;
		};
		DEA00F1F1CB5172B00ED684B /* Debug */ = {
			isa = XCBuildConfiguration;
			buildSettings = {
				ASSETCATALOG_COMPILER_APPICON_NAME = AppIcon;
				INFOPLIST_FILE = WorldTrotter/Info.plist;
				LD_RUNPATH_SEARCH_PATHS = "$(inherited) @executable_path/Frameworks";
				PRODUCT_BUNDLE_IDENTIFIER = com.bignerdranch.WorldTrotter;
				PRODUCT_NAME = "$(TARGET_NAME)";
			};
			name = Debug;
		};
		DEA00F201CB5172B00ED684B /* Release */ = {
			isa = XCBuildConfiguration;
			buildSettings = {
				ASSETCATALOG_COMPILER_APPICON_NAME = AppIcon;
				INFOPLIST_FILE = WorldTrotter/Info.plist;
				LD_RUNPATH_SEARCH_PATHS = "$(inherited) @executable_path/Frameworks";
				PRODUCT_BUNDLE_IDENTIFIER = com.bignerdranch.WorldTrotter;
				PRODUCT_NAME = "$(TARGET_NAME)";
			};
			name = Release;
		};
/* End XCBuildConfiguration section */

/* Begin XCConfigurationList section */
		DEA00F071CB5172B00ED684B /* Build configuration list for PBXProject "WorldTrotter" */ = {
			isa = XCConfigurationList;
			buildConfigurations = (
				DEA00F1C1CB5172B00ED684B /* Debug */,
				DEA00F1D1CB5172B00ED684B /* Release */,
			);
			defaultConfigurationIsVisible = 0;
			defaultConfigurationName = Release;
		};
		DEA00F1E1CB5172B00ED684B /* Build configuration list for PBXNativeTarget "WorldTrotter" */ = {
			isa = XCConfigurationList;
			buildConfigurations = (
				DEA00F1F1CB5172B00ED684B /* Debug */,
				DEA00F201CB5172B00ED684B /* Release */,
			);
			defaultConfigurationIsVisible = 0;
			defaultConfigurationName = Release;
		};
/* End XCConfigurationList section */
	};
	rootObject = DEA00F041CB5172B00ED684B /* Project object */;
}
